<?xml version="1.0" encoding="utf-8"?>
<Project ToolsVersion="4.0" xmlns="http://schemas.microsoft.com/developer/msbuild/2003">
  <ItemGroup>
    <Filter Include="Dump">
      <UniqueIdentifier>{8125c337-1861-4c94-8fb8-8a11d639ad59}</UniqueIdentifier>
    </Filter>
    <Filter Include="Log">
      <UniqueIdentifier>{ea5f0daa-1434-4182-9844-699628565ce1}</UniqueIdentifier>
    </Filter>
    <Filter Include="MemoryPool">
      <UniqueIdentifier>{49a6a729-b9a5-4acc-8d9d-94e9edc7f49f}</UniqueIdentifier>
    </Filter>
    <Filter Include="Network">
      <UniqueIdentifier>{dfff2454-0b76-4965-bacb-2774b80be3eb}</UniqueIdentifier>
    </Filter>
    <Filter Include="Parse">
      <UniqueIdentifier>{0cdbaae7-f0fe-4e2c-881b-6f2c53c316af}</UniqueIdentifier>
    </Filter>
    <Filter Include="LanClient">
      <UniqueIdentifier>{a112c8bf-c376-42ee-9cf0-ad95380dbf1c}</UniqueIdentifier>
    </Filter>
    <Filter Include="NetServer">
      <UniqueIdentifier>{7fe4a510-d1fe-461f-87a7-3787d395fa62}</UniqueIdentifier>
    </Filter>
  </ItemGroup>
  <ItemGroup>
    <ClCompile Include="main.cpp" />
    <ClCompile Include="APIHook.cpp">
      <Filter>Dump</Filter>
    </ClCompile>
    <ClCompile Include="Dump.cpp">
      <Filter>Dump</Filter>
    </ClCompile>
    <ClCompile Include="NetServer.cpp">
      <Filter>NetServer</Filter>
    </ClCompile>
    <ClCompile Include="Log.cpp">
      <Filter>Log</Filter>
    </ClCompile>
    <ClCompile Include="Packet.cpp">
      <Filter>Network</Filter>
    </ClCompile>
    <ClCompile Include="RingBuffer.cpp">
      <Filter>Network</Filter>
    </ClCompile>
    <ClCompile Include="ChatServer.cpp">
      <Filter>NetServer</Filter>
    </ClCompile>
    <ClCompile Include="Parse.cpp">
      <Filter>Parse</Filter>
    </ClCompile>
    <ClCompile Include="Config.cpp">
      <Filter>Parse</Filter>
    </ClCompile>
    <ClCompile Include="LanClient.cpp">
      <Filter>LanClient</Filter>
    </ClCompile>
    <ClCompile Include="LanClientManager.cpp">
      <Filter>LanClient</Filter>
    </ClCompile>
  </ItemGroup>
  <ItemGroup>
    <ClInclude Include="APIHook.h">
      <Filter>Dump</Filter>
    </ClInclude>
    <ClInclude Include="Dump.h">
      <Filter>Dump</Filter>
    </ClInclude>
    <ClInclude Include="NetServer.h">
      <Filter>NetServer</Filter>
    </ClInclude>
    <ClInclude Include="Log.h">
      <Filter>Log</Filter>
    </ClInclude>
    <ClInclude Include="LockFreeQueue.h">
      <Filter>MemoryPool</Filter>
    </ClInclude>
    <ClInclude Include="LockFreeStack.h">
      <Filter>MemoryPool</Filter>
    </ClInclude>
    <ClInclude Include="MemoryPool.h">
      <Filter>MemoryPool</Filter>
    </ClInclude>
    <ClInclude Include="Packet.h">
      <Filter>Network</Filter>
    </ClInclude>
    <ClInclude Include="RingBuffer.h">
      <Filter>Network</Filter>
    </ClInclude>
    <ClInclude Include="ChatServer.h">
      <Filter>NetServer</Filter>
    </ClInclude>
    <ClInclude Include="CommonProtocol.h">
      <Filter>Network</Filter>
    </ClInclude>
    <ClInclude Include="Parse.h">
      <Filter>Parse</Filter>
    </ClInclude>
    <ClInclude Include="Config.h">
      <Filter>Parse</Filter>
    </ClInclude>
    <ClInclude Include="LanClient.h">
      <Filter>LanClient</Filter>
    </ClInclude>
    <ClInclude Include="LanClientManager.h">
      <Filter>LanClient</Filter>
    </ClInclude>
  </ItemGroup>
</Project>